Microsoft Visual Studio Solution File, Format Version 12.00
# Visual Studio Version 17
VisualStudioVersion = 17.5.2.0
MinimumVisualStudioVersion = 10.0.40219.1
Project("{FAE04EC0-301F-11D3-BF4B-00C04F79EFBC}") = "Flow.Launcher.Plugin.BrowserBookmark", "Flow.Launcher.Plugin.BrowserBookmark.csproj", "{BE047398-4D54-9D16-720E-AB0002E872C4}"
EndProject
Global
	GlobalSection(SolutionConfigurationPlatforms) = preSolution
		Debug|Any CPU = Debug|Any CPU
		Release|Any CPU = Release|Any CPU
	EndGlobalSection
	GlobalSection(ProjectConfigurationPlatforms) = postSolution
		{BE047398-4D54-9D16-720E-AB0002E872C4}.Debug|Any CPU.ActiveCfg = Debug|Any CPU
		{BE047398-4D54-9D16-720E-AB0002E872C4}.Debug|Any CPU.Build.0 = Debug|Any CPU
		{BE047398-4D54-9D16-720E-AB0002E872C4}.Release|Any CPU.ActiveCfg = Release|Any CPU
		{BE047398-4D54-9D16-720E-AB0002E872C4}.Release|Any CPU.Build.0 = Release|Any CPU
	EndGlobalSection
	GlobalSection(SolutionProperties) = preSolution
		HideSolutionNode = FALSE
	EndGlobalSection
	GlobalSection(ExtensibilityGlobals) = postSolution
		SolutionGuid = {2FA6CF2E-9DDE-42DD-B371-5DADB587392E}
	EndGlobalSection
EndGlobal
