{
  "version": 1,
  "dependencies": {
    "net9.0-windows10.0.19041": {
      "ChefKeys": {
        "type": "Direct",
        "requested": "[0.1.2, )",
        "resolved": "0.1.2",
        "contentHash": "hnayWejg57tg8+lZ1Q/zPR8tj9ezUtB1sY8aCv9jiZ+3wcqK0eGL+Skt9OzT9mjSsBIg4o9Jv1HdQdzjd1lkQw=="
      },
      "CommunityToolkit.Mvvm": {
        "type": "Direct",
        "requested": "[8.4.0, )",
        "resolved": "8.4.0",
        "contentHash": "tqVU8yc/ADO9oiTRyTnwhFN68hCwvkliMierptWOudIAvWY1mWCh5VFh+guwHJmpMwfg0J0rY+yyd5Oy7ty9Uw=="
      },
      "Fody": {
        "type": "Direct",
        "requested": "[6.5.4, )",
        "resolved": "6.5.4",
        "contentHash": "GXZuti428IZctfby10xkMbWLCibcb6s29I/psLbBoO2vHJI5eTNVybnlV/Wi1tlIu9GG0bgW/PQwMH+MCldHxw=="
      },
      "InputSimulator": {
        "type": "Direct",
        "requested": "[1.0.4, )",
        "resolved": "1.0.4",
        "contentHash": "D0LvRCPQMX6/FJHBjng+RO+wRDuHTJrfo7IAc7rmkPvRqchdVGJWg3y70peOtDy3OLNK+HSOwVkH4GiuLnkKgA=="
      },
      "Jack251970.TaskScheduler": {
        "type": "Direct",
        "requested": "[2.12.1, )",
        "resolved": "2.12.1",
        "contentHash": "+epAtsLMugiznJCNRYCYB6eBcr+bx+CVlwPWMprO5CbnNkWu9mlSV8XN5BQJrGYwmlAtlGfZA3p3PcFFlrgR6A==",
        "dependencies": {
          "Microsoft.Win32.Registry": "5.0.0",
          "System.Diagnostics.EventLog": "8.0.0",
          "System.Security.AccessControl": "6.0.1"
        }
      },
      "Microsoft.Extensions.DependencyInjection": {
        "type": "Direct",
        "requested": "[7.0.0, )",
        "resolved": "7.0.0",
        "contentHash": "elNeOmkeX3eDVG6pYVeV82p29hr+UKDaBhrZyWvWLw/EVZSYEkZlQdkp0V39k/Xehs2Qa0mvoCvkVj3eQxNQ1Q==",
        "dependencies": {
          "Microsoft.Extensions.DependencyInjection.Abstractions": "7.0.0"
        }
      },
      "Microsoft.Extensions.Hosting": {
        "type": "Direct",
        "requested": "[7.0.1, )",
        "resolved": "7.0.1",
        "contentHash": "aoeMou6XSW84wiqd895OdaGyO9PfH6nohQJ0XBcshRDafbdIU6PQIVl8TpOCssPYq3ciRseP5064hbFyCR9J9w==",
        "dependencies": {
          "Microsoft.Extensions.Configuration": "7.0.0",
          "Microsoft.Extensions.Configuration.Abstractions": "7.0.0",
          "Microsoft.Extensions.Configuration.Binder": "7.0.3",
          "Microsoft.Extensions.Configuration.CommandLine": "7.0.0",
          "Microsoft.Extensions.Configuration.EnvironmentVariables": "7.0.0",
          "Microsoft.Extensions.Configuration.FileExtensions": "7.0.0",
          "Microsoft.Extensions.Configuration.Json": "7.0.0",
          "Microsoft.Extensions.Configuration.UserSecrets": "7.0.0",
          "Microsoft.Extensions.DependencyInjection": "7.0.0",
          "Microsoft.Extensions.DependencyInjection.Abstractions": "7.0.0",
          "Microsoft.Extensions.FileProviders.Abstractions": "7.0.0",
          "Microsoft.Extensions.FileProviders.Physical": "7.0.0",
          "Microsoft.Extensions.Hosting.Abstractions": "7.0.0",
          "Microsoft.Extensions.Logging": "7.0.0",
          "Microsoft.Extensions.Logging.Abstractions": "7.0.0",
          "Microsoft.Extensions.Logging.Configuration": "7.0.0",
          "Microsoft.Extensions.Logging.Console": "7.0.0",
          "Microsoft.Extensions.Logging.Debug": "7.0.0",
          "Microsoft.Extensions.Logging.EventLog": "7.0.0",
          "Microsoft.Extensions.Logging.EventSource": "7.0.0",
          "Microsoft.Extensions.Options": "7.0.1",
          "System.Diagnostics.DiagnosticSource": "7.0.1"
        }
      },
      "Microsoft.Toolkit.Uwp.Notifications": {
        "type": "Direct",
        "requested": "[7.1.3, )",
        "resolved": "7.1.3",
        "contentHash": "A1dglAzb24gjehmb7DwGd07mfyZ1gacAK7ObE0KwDlRc3mayH2QW7cSOy3TkkyELjLg19OQBuhPOj4SpXET9lg==",
        "dependencies": {
          "Microsoft.Win32.Registry": "4.7.0",
          "System.Drawing.Common": "4.7.0",
          "System.Reflection.Emit": "4.7.0",
          "System.ValueTuple": "4.5.0"
        }
      },
      "Microsoft.Windows.CsWin32": {
        "type": "Direct",
        "requested": "[0.3.106, )",
        "resolved": "0.3.106",
        "contentHash": "Mx5fK7uN6fwLR4wUghs6//HonAnwPBNmC2oonyJVhCUlHS/r6SUS3NkBc3+gaQiv+0/9bqdj1oSCKQFkNI+21Q==",
        "dependencies": {
          "Microsoft.Windows.SDK.Win32Docs": "0.1.42-alpha",
          "Microsoft.Windows.SDK.Win32Metadata": "60.0.34-preview",
          "Microsoft.Windows.WDK.Win32Metadata": "0.11.4-experimental"
        }
      },
      "ModernWpfUI": {
        "type": "Direct",
        "requested": "[0.9.4, )",
        "resolved": "0.9.4",
        "contentHash": "HJ07Be9KOiGKGcMLz/AwY+84h3yGHRPuYpYXCE6h1yPtaFwGMWfanZ70jX7W5XWx8+Qk1vGox+WGKgxxsy6EHw=="
      },
      "NHotkey.Wpf": {
        "type": "Direct",
        "requested": "[3.0.0, )",
        "resolved": "3.0.0",
        "contentHash": "BIUKlhTG5KtFf9OQzWvkmVmktt5/FFj6AOEgag8Uf0R2YdZt5ajUzs3sVskcJcT2TztWlEHKQr1jFj3KQ0D9Nw==",
        "dependencies": {
          "NHotkey": "3.0.0"
        }
      },
      "PropertyChanged.Fody": {
        "type": "Direct",
        "requested": "[3.4.0, )",
        "resolved": "3.4.0",
        "contentHash": "IAZyq0uolKo2WYm4mjx+q7A8fSGFT0x2e1s3y+ODn4JI0kqTDoo9GF2tdaypUzRFJZfdMxfC5HZW9QzdJLtOnA==",
        "dependencies": {
          "Fody": "6.5.1"
        }
      },
      "SemanticVersioning": {
        "type": "Direct",
        "requested": "[3.0.0, )",
        "resolved": "3.0.0",
        "contentHash": "RR+8GbPQ/gjDqov/1QN1OPoUlbUruNwcL3WjWCeLw+MY7+od/ENhnkYxCfAC6rQLIu3QifaJt3kPYyP3RumqMQ=="
      },
      "VirtualizingWrapPanel": {
        "type": "Direct",
        "requested": "[2.1.1, )",
        "resolved": "2.1.1",
        "contentHash": "Fc/yjU8jqC3qpIsNxeO5RjK2lPU7xnJtBLMSQ6L9egA2PyJLQeVeXpG8WBb5N1kN15rlJEYG8dHWJ5qUGgaNrg=="
      },
      "Ben.Demystifier": {
        "type": "Transitive",
        "resolved": "0.4.1",
        "contentHash": "axFeEMfmEORy3ipAzOXG/lE+KcNptRbei3F0C4kQCdeiQtW+qJW90K5iIovITGrdLt8AjhNCwk5qLSX9/rFpoA==",
        "dependencies": {
          "System.Reflection.Metadata": "5.0.0"
        }
      },
      "BitFaster.Caching": {
        "type": "Transitive",
        "resolved": "2.5.3",
        "contentHash": "Vo/39qcam5Xe+DbyfH0JZyqPswdOoa7jv4PGtRJ6Wj8AU+aZ+TuJRlJcIe+MQjRTJwliI8k8VSQpN8sEoBIv2g=="
      },
      "DeltaCompressionDotNet": {
        "type": "Transitive",
        "resolved": "1.0.0",
        "contentHash": "nwbZAYd+DblXAIzlnwDSnl0CiCm8jWLfHSYnoN4wYhtIav6AegB3+T/vKzLbU2IZlPB8Bvl8U3NXpx3eaz+N5w=="
      },
      "Droplex": {
        "type": "Transitive",
        "resolved": "1.7.0",
        "contentHash": "wutfIus/Ufw/9TDsp86R1ycnIH+wWrj4UhcmrzAHWjsdyC2iM07WEQ9+APTB7pQynsDnYH1r2i58XgAJ3lxUXA==",
        "dependencies": {
          "YamlDotNet": "9.1.0"
        }
      },
      "FSharp.Core": {
        "type": "Transitive",
        "resolved": "9.0.101",
        "contentHash": "3/YR1SDWFA+Ojx9HiBwND+0UR8ZWoeZfkhD0DWAPCDdr/YI+CyFkArmMGzGSyPXeYtjG0sy0emzfyNwjt7zhig=="
      },
      "JetBrains.Annotations": {
        "type": "Transitive",
        "resolved": "2024.3.0",
        "contentHash": "ox5pkeLQXjvJdyAB4b2sBYAlqZGLh3PjSnP1bQNVx72ONuTJ9+34/+Rq91Fc0dG29XG9RgZur9+NcP4riihTug=="
      },
      "MemoryPack": {
        "type": "Transitive",
        "resolved": "1.21.3",
        "contentHash": "cwCtED8y400vMWx/Vp0QCSeEpVFjDU4JwF52VX9WTaqVERUvNqjG9n6osFlmFuytegyXnHvYEu1qRJ8rv/rkbg==",
        "dependencies": {
          "MemoryPack.Core": "1.21.3",
          "MemoryPack.Generator": "1.21.3"
        }
      },
      "MemoryPack.Core": {
        "type": "Transitive",
        "resolved": "1.21.3",
        "contentHash": "ajrYoBWT2aKeH4tlY8q/1C9qK1R/NK+7FkuVOX58ebOSxkABoFTqCR7W+Zk2rakUHZiEgNdRqO67hiRZPq6fLA=="
      },
      "MemoryPack.Generator": {
        "type": "Transitive",
        "resolved": "1.21.3",
        "contentHash": "hYU0TAIarDKnbkNIWvb7P4zBUL+CTahkuNkczsKvycSMR5kiwQ4IfLexywNKX3s05Izp4gzDSPbueepNWZRpWA=="
      },
      "MessagePack": {
        "type": "Transitive",
        "resolved": "2.5.187",
        "contentHash": "uW4j8m4Nc+2Mk5n6arOChavJ9bLjkis0qWASOj2h2OwmfINuzYv+mjCHUymrYhmyyKTu3N+ObtTXAY4uQ7jIhg==",
        "dependencies": {
          "MessagePack.Annotations": "2.5.187",
          "Microsoft.NET.StringTools": "17.6.3"
        }
      },
      "MessagePack.Annotations": {
        "type": "Transitive",
        "resolved": "2.5.187",
        "contentHash": "/IvvMMS8opvlHjEJ/fR2Cal4Co726Kj77Z8KiohFhuHfLHHmb9uUxW5+tSCL4ToKFfkQlrS3HD638mRq83ySqA=="
      },
      "Meziantou.Framework.Win32.Jobs": {
        "type": "Transitive",
        "resolved": "3.4.0",
        "contentHash": "5GGLckfpwoC1jznInEYfK2INrHyD7K1RtwZJ98kNPKBU6jeu24i4zfgDGHHfb+eK3J+eFPAxo0aYcbUxNXIbNw=="
      },
      "Microsoft.Extensions.Configuration": {
        "type": "Transitive",
        "resolved": "7.0.0",
        "contentHash": "tldQUBWt/xeH2K7/hMPPo5g8zuLc3Ro9I5d4o/XrxvxOCA2EZBtW7bCHHTc49fcBtvB8tLAb/Qsmfrq+2SJ4vA==",
        "dependencies": {
          "Microsoft.Extensions.Configuration.Abstractions": "7.0.0",
          "Microsoft.Extensions.Primitives": "7.0.0"
        }
      },
      "Microsoft.Extensions.Configuration.Abstractions": {
        "type": "Transitive",
        "resolved": "7.0.0",
        "contentHash": "f34u2eaqIjNO9YLHBz8rozVZ+TcFiFs0F3r7nUJd7FRkVSxk8u4OpoK226mi49MwexHOR2ibP9MFvRUaLilcQQ==",
        "dependencies": {
          "Microsoft.Extensions.Primitives": "7.0.0"
        }
      },
      "Microsoft.Extensions.Configuration.Binder": {
        "type": "Transitive",
        "resolved": "7.0.3",
        "contentHash": "1eRFwJBrkkncTpvh6mivB8zg4uBVm6+Y6stEJERrVEqZZc8Hvf+N1iIgj2ySYDUQko4J1Gw1rLf1M8bG83F0eA==",
        "dependencies": {
          "Microsoft.Extensions.Configuration.Abstractions": "7.0.0"
        }
      },
      "Microsoft.Extensions.Configuration.CommandLine": {
        "type": "Transitive",
        "resolved": "7.0.0",
        "contentHash": "a8Iq8SCw5m8W5pZJcPCgBpBO4E89+NaObPng+ApIhrGSv9X4JPrcFAaGM4sDgR0X83uhLgsNJq8VnGP/wqhr8A==",
        "dependencies": {
          "Microsoft.Extensions.Configuration": "7.0.0",
          "Microsoft.Extensions.Configuration.Abstractions": "7.0.0"
        }
      },
      "Microsoft.Extensions.Configuration.EnvironmentVariables": {
        "type": "Transitive",
        "resolved": "7.0.0",
        "contentHash": "RIkfqCkvrAogirjsqSrG1E1FxgrLsOZU2nhRbl07lrajnxzSU2isj2lwQah0CtCbLWo/pOIukQzM1GfneBUnxA==",
        "dependencies": {
          "Microsoft.Extensions.Configuration": "7.0.0",
          "Microsoft.Extensions.Configuration.Abstractions": "7.0.0"
        }
      },
      "Microsoft.Extensions.Configuration.FileExtensions": {
        "type": "Transitive",
        "resolved": "7.0.0",
        "contentHash": "xk2lRJ1RDuqe57BmgvRPyCt6zyePKUmvT6iuXqiHR+/OIIgWVR8Ff5k2p6DwmqY8a17hx/OnrekEhziEIeQP6Q==",
        "dependencies": {
          "Microsoft.Extensions.Configuration": "7.0.0",
          "Microsoft.Extensions.Configuration.Abstractions": "7.0.0",
          "Microsoft.Extensions.FileProviders.Abstractions": "7.0.0",
          "Microsoft.Extensions.FileProviders.Physical": "7.0.0",
          "Microsoft.Extensions.Primitives": "7.0.0"
        }
      },
      "Microsoft.Extensions.Configuration.Json": {
        "type": "Transitive",
        "resolved": "7.0.0",
        "contentHash": "LDNYe3uw76W35Jci+be4LDf2lkQZe0A7EEYQVChFbc509CpZ4Iupod8li4PUXPBhEUOFI/rlQNf5xkzJRQGvtA==",
        "dependencies": {
          "Microsoft.Extensions.Configuration": "7.0.0",
          "Microsoft.Extensions.Configuration.Abstractions": "7.0.0",
          "Microsoft.Extensions.Configuration.FileExtensions": "7.0.0",
          "Microsoft.Extensions.FileProviders.Abstractions": "7.0.0",
          "System.Text.Json": "7.0.0"
        }
      },
      "Microsoft.Extensions.Configuration.UserSecrets": {
        "type": "Transitive",
        "resolved": "7.0.0",
        "contentHash": "33HPW1PmB2RS0ietBQyvOxjp4O3wlt+4tIs8KPyMn1kqp04goiZGa7+3mc69NRLv6bphkLDy0YR7Uw3aZyf8Zw==",
        "dependencies": {
          "Microsoft.Extensions.Configuration.Abstractions": "7.0.0",
          "Microsoft.Extensions.Configuration.Json": "7.0.0",
          "Microsoft.Extensions.FileProviders.Abstractions": "7.0.0",
          "Microsoft.Extensions.FileProviders.Physical": "7.0.0"
        }
      },
      "Microsoft.Extensions.DependencyInjection.Abstractions": {
        "type": "Transitive",
        "resolved": "7.0.0",
        "contentHash": "h3j/QfmFN4S0w4C2A6X7arXij/M/OVw3uQHSOFxnND4DyAzO1F9eMX7Eti7lU/OkSthEE0WzRsfT/Dmx86jzCw=="
      },
      "Microsoft.Extensions.FileProviders.Abstractions": {
        "type": "Transitive",
        "resolved": "7.0.0",
        "contentHash": "NyawiW9ZT/liQb34k9YqBSNPLuuPkrjMgQZ24Y/xXX1RoiBkLUdPMaQTmxhZ5TYu8ZKZ9qayzil75JX95vGQUg==",
        "dependencies": {
          "Microsoft.Extensions.Primitives": "7.0.0"
        }
      },
      "Microsoft.Extensions.FileProviders.Physical": {
        "type": "Transitive",
        "resolved": "7.0.0",
        "contentHash": "K8D2MTR+EtzkbZ8z80LrG7Ur64R7ZZdRLt1J5cgpc/pUWl0C6IkAUapPuK28oionHueCPELUqq0oYEvZfalNdg==",
        "dependencies": {
          "Microsoft.Extensions.FileProviders.Abstractions": "7.0.0",
          "Microsoft.Extensions.FileSystemGlobbing": "7.0.0",
          "Microsoft.Extensions.Primitives": "7.0.0"
        }
      },
      "Microsoft.Extensions.FileSystemGlobbing": {
        "type": "Transitive",
        "resolved": "7.0.0",
        "contentHash": "2jONjKHiF+E92ynz2ZFcr9OvxIw+rTGMPEH+UZGeHTEComVav93jQUWGkso8yWwVBcEJGcNcZAaqY01FFJcj7w=="
      },
      "Microsoft.Extensions.Hosting.Abstractions": {
        "type": "Transitive",
        "resolved": "7.0.0",
        "contentHash": "43n9Je09z0p/7ViPxfRqs5BUItRLNVh5b6JH40F2Agkh2NBsY/jpNYTtbCcxrHCsA3oRmbR6RJBzUutB4VZvNQ==",
        "dependencies": {
          "Microsoft.Extensions.Configuration.Abstractions": "7.0.0",
          "Microsoft.Extensions.DependencyInjection.Abstractions": "7.0.0",
          "Microsoft.Extensions.FileProviders.Abstractions": "7.0.0"
        }
      },
      "Microsoft.Extensions.Logging": {
        "type": "Transitive",
        "resolved": "7.0.0",
        "contentHash": "Nw2muoNrOG5U5qa2ZekXwudUn2BJcD41e65zwmDHb1fQegTX66UokLWZkJRpqSSHXDOWZ5V0iqhbxOEky91atA==",
        "dependencies": {
          "Microsoft.Extensions.DependencyInjection": "7.0.0",
          "Microsoft.Extensions.DependencyInjection.Abstractions": "7.0.0",
          "Microsoft.Extensions.Logging.Abstractions": "7.0.0",
          "Microsoft.Extensions.Options": "7.0.0"
        }
      },
      "Microsoft.Extensions.Logging.Abstractions": {
        "type": "Transitive",
        "resolved": "7.0.0",
        "contentHash": "kmn78+LPVMOWeITUjIlfxUPDsI0R6G0RkeAMBmQxAJ7vBJn4q2dTva7pWi65ceN5vPGjJ9q/Uae2WKgvfktJAw=="
      },
      "Microsoft.Extensions.Logging.Configuration": {
        "type": "Transitive",
        "resolved": "7.0.0",
        "contentHash": "FLDA0HcffKA8ycoDQLJuCNGIE42cLWPxgdQGRBaSzZrYTkMBjnf9zrr8pGT06psLq9Q+RKWmmZczQ9bCrXEBcA==",
        "dependencies": {
          "Microsoft.Extensions.Configuration": "7.0.0",
          "Microsoft.Extensions.Configuration.Abstractions": "7.0.0",
          "Microsoft.Extensions.Configuration.Binder": "7.0.0",
          "Microsoft.Extensions.DependencyInjection.Abstractions": "7.0.0",
          "Microsoft.Extensions.Logging": "7.0.0",
          "Microsoft.Extensions.Logging.Abstractions": "7.0.0",
          "Microsoft.Extensions.Options": "7.0.0",
          "Microsoft.Extensions.Options.ConfigurationExtensions": "7.0.0"
        }
      },
      "Microsoft.Extensions.Logging.Console": {
        "type": "Transitive",
        "resolved": "7.0.0",
        "contentHash": "qt5n8bHLZPUfuRnFxJKW5q9ZwOTncdh96rtWzWpX3Y/064MlxzCSw2ELF5Jlwdo+Y4wK3I47NmUTFsV7Sg8rqg==",
        "dependencies": {
          "Microsoft.Extensions.DependencyInjection.Abstractions": "7.0.0",
          "Microsoft.Extensions.Logging": "7.0.0",
          "Microsoft.Extensions.Logging.Abstractions": "7.0.0",
          "Microsoft.Extensions.Logging.Configuration": "7.0.0",
          "Microsoft.Extensions.Options": "7.0.0",
          "System.Text.Json": "7.0.0"
        }
      },
      "Microsoft.Extensions.Logging.Debug": {
        "type": "Transitive",
        "resolved": "7.0.0",
        "contentHash": "tFGGyPDpJ8ZdQdeckCArP7nZuoY3am9zJWuvp4OD1bHq65S0epW9BNHzAWeaIO4eYwWnGm1jRNt3vRciH8H6MA==",
        "dependencies": {
          "Microsoft.Extensions.DependencyInjection.Abstractions": "7.0.0",
          "Microsoft.Extensions.Logging": "7.0.0",
          "Microsoft.Extensions.Logging.Abstractions": "7.0.0"
        }
      },
      "Microsoft.Extensions.Logging.EventLog": {
        "type": "Transitive",
        "resolved": "7.0.0",
        "contentHash": "Rp7cYL9xQRVTgjMl77H5YDxszAaO+mlA+KT0BnLSVhuCoKQQOOs1sSK2/x8BK2dZ/lKeAC/CVF+20Ef2dpKXwg==",
        "dependencies": {
          "Microsoft.Extensions.DependencyInjection.Abstractions": "7.0.0",
          "Microsoft.Extensions.Logging": "7.0.0",
          "Microsoft.Extensions.Logging.Abstractions": "7.0.0",
          "Microsoft.Extensions.Options": "7.0.0",
          "System.Diagnostics.EventLog": "7.0.0"
        }
      },
      "Microsoft.Extensions.Logging.EventSource": {
        "type": "Transitive",
        "resolved": "7.0.0",
        "contentHash": "MxQXndQFviIyOPqyMeLNshXnmqcfzEHE2wWcr7BF1unSisJgouZ3tItnq+aJLGPojrW8OZSC/ZdRoR6wAq+c7w==",
        "dependencies": {
          "Microsoft.Extensions.DependencyInjection.Abstractions": "7.0.0",
          "Microsoft.Extensions.Logging": "7.0.0",
          "Microsoft.Extensions.Logging.Abstractions": "7.0.0",
          "Microsoft.Extensions.Options": "7.0.0",
          "Microsoft.Extensions.Primitives": "7.0.0",
          "System.Text.Json": "7.0.0"
        }
      },
      "Microsoft.Extensions.Options": {
        "type": "Transitive",
        "resolved": "7.0.1",
        "contentHash": "pZRDYdN1FpepOIfHU62QoBQ6zdAoTvnjxFfqAzEd9Jhb2dfhA5i6jeTdgGgcgTWFRC7oT0+3XrbQu4LjvgX1Nw==",
        "dependencies": {
          "Microsoft.Extensions.DependencyInjection.Abstractions": "7.0.0",
          "Microsoft.Extensions.Primitives": "7.0.0"
        }
      },
      "Microsoft.Extensions.Options.ConfigurationExtensions": {
        "type": "Transitive",
        "resolved": "7.0.0",
        "contentHash": "95UnxZkkFdXxF6vSrtJsMHCzkDeSMuUWGs2hDT54cX+U5eVajrCJ3qLyQRW+CtpTt5OJ8bmTvpQVHu1DLhH+cA==",
        "dependencies": {
          "Microsoft.Extensions.Configuration.Abstractions": "7.0.0",
          "Microsoft.Extensions.Configuration.Binder": "7.0.0",
          "Microsoft.Extensions.DependencyInjection.Abstractions": "7.0.0",
          "Microsoft.Extensions.Options": "7.0.0",
          "Microsoft.Extensions.Primitives": "7.0.0"
        }
      },
      "Microsoft.Extensions.Primitives": {
        "type": "Transitive",
        "resolved": "7.0.0",
        "contentHash": "um1KU5kxcRp3CNuI8o/GrZtD4AIOXDk+RLsytjZ9QPok3ttLUelLKpilVPuaFT3TFjOhSibUAso0odbOaCDj3Q=="
      },
      "Microsoft.IO.RecyclableMemoryStream": {
        "type": "Transitive",
        "resolved": "3.0.1",
        "contentHash": "s/s20YTVY9r9TPfTrN5g8zPF1YhwxyqO6PxUkrYTGI2B+OGPe9AdajWZrLhFqXIvqIW23fnUE4+ztrUWNU1+9g=="
      },
      "Microsoft.NET.StringTools": {
        "type": "Transitive",
        "resolved": "17.6.3",
        "contentHash": "N0ZIanl1QCgvUumEL1laasU0a7sOE5ZwLZVTn0pAePnfhq8P7SvTjF8Axq+CnavuQkmdQpGNXQ1efZtu5kDFbA=="
      },
      "Microsoft.VisualStudio.Threading": {
        "type": "Transitive",
        "resolved": "17.12.19",
        "contentHash": "eLiGMkMYyaSguqHs3lsrFxy3tAWSLuPEL2pIWRcADMDVAs2xqm3dr1d9QYjiEusTgiClF9KD6OB2NdZP72Oy0Q==",
        "dependencies": {
          "Microsoft.VisualStudio.Threading.Analyzers": "17.12.19",
          "Microsoft.VisualStudio.Validation": "17.8.8"
        }
      },
      "Microsoft.VisualStudio.Threading.Analyzers": {
        "type": "Transitive",
        "resolved": "17.12.19",
        "contentHash": "v3IYeedjoktvZ+GqYmLudxZJngmf/YWIxNT2Uy6QMMN19cvw+nkWoip1Gr1RtnFkUo1MPUVMis4C8Kj8d8DpSQ=="
      },
      "Microsoft.VisualStudio.Validation": {
        "type": "Transitive",
        "resolved": "17.8.8",
        "contentHash": "rWXThIpyQd4YIXghNkiv2+VLvzS+MCMKVRDR0GAMlflsdo+YcAN2g2r5U1Ah98OFjQMRexTFtXQQ2LkajxZi3g=="
      },
      "Microsoft.Win32.Registry": {
        "type": "Transitive",
        "resolved": "5.0.0",
        "contentHash": "dDoKi0PnDz31yAyETfRntsLArTlVAVzUzCIvvEDsDsucrl33Dl8pIJG06ePTJTI3tGpeyHS9Cq7Foc/s4EeKcg==",
        "dependencies": {
          "System.Security.AccessControl": "5.0.0",
          "System.Security.Principal.Windows": "5.0.0"
        }
      },
      "Microsoft.Win32.SystemEvents": {
        "type": "Transitive",
        "resolved": "9.0.2",
        "contentHash": "5BkGZ6mHp2dHydR29sb0fDfAuqkv30AHtTih8wMzvPZysOmBFvHfnkR2w3tsc0pSiIg8ZoKyefJXWy9r3pBh0w=="
      },
      "Microsoft.Windows.SDK.Win32Docs": {
        "type": "Transitive",
        "resolved": "0.1.42-alpha",
        "contentHash": "Z/9po23gUA9aoukirh2ItMU2ZS9++Js9Gdds9fu5yuMojDrmArvY2y+tq9985tR3cxFxpZO1O35Wjfo0khj5HA=="
      },
      "Microsoft.Windows.SDK.Win32Metadata": {
        "type": "Transitive",
        "resolved": "60.0.34-preview",
        "contentHash": "TA3DUNi4CTeo+ItTXBnGZFt2159XOGSl0UOlG5vjDj4WHqZjhwYyyUnzOtrbCERiSaP2Hzg7otJNWwOSZgutyA=="
      },
      "Microsoft.Windows.WDK.Win32Metadata": {
        "type": "Transitive",
        "resolved": "0.11.4-experimental",
        "contentHash": "bf5MCmUyZf0gBlYQjx9UpRAZWBkRndyt9XicR+UNLvAUAFTZQbu6YaX/sNKZlR98Grn0gydfh/yT4I3vc0AIQA==",
        "dependencies": {
          "Microsoft.Windows.SDK.Win32Metadata": "60.0.34-preview"
        }
      },
      "Mono.Cecil": {
        "type": "Transitive",
        "resolved": "0.9.6.1",
        "contentHash": "yMsurNaOxxKIjyW9pEB+tRrR1S3DFnN1+iBgKvYvXG8kW0Y6yknJeMAe/tl3+P78/2C6304TgF7aVqpqXgEQ9Q=="
      },
      "Nerdbank.Streams": {
        "type": "Transitive",
        "resolved": "2.11.74",
        "contentHash": "r4G7uHHfoo8LCilPOdtf2C+Q5ymHOAXtciT4ZtB2xRlAvv4gPkWBYNAijFblStv3+uidp81j5DP11jMZl4BfJw==",
        "dependencies": {
          "Microsoft.VisualStudio.Threading": "17.10.48",
          "Microsoft.VisualStudio.Validation": "17.8.8",
          "System.IO.Pipelines": "8.0.0"
        }
      },
      "Newtonsoft.Json": {
        "type": "Transitive",
        "resolved": "13.0.1",
        "contentHash": "ppPFpBcvxdsfUonNcvITKqLl3bqxWbDCZIzDWHzjpdAHRFfZe0Dw9HmA0+za13IdyrgJwpkDTDA9fHaxOrt20A=="
      },
      "NHotkey": {
        "type": "Transitive",
        "resolved": "3.0.0",
        "contentHash": "IEghs0QqWsQYH0uUmvIl0Ye6RaebWRh38eB6ToOkDnQucTYRGFOgtig0gSxlwCszTilYFz3n1ZuY762x+kDR3A=="
      },
      "NLog": {
        "type": "Transitive",
        "resolved": "4.7.10",
        "contentHash": "rcegW7kYOCjl7wX0SzsqpPBqnJ51JKi1WkYb6QBVX0Wc5IgH19Pv4t/co+T0s06OS0Ne44xgkY/mHg0PdrmJow=="
      },
      "Splat": {
        "type": "Transitive",
        "resolved": "1.6.2",
        "contentHash": "DeH0MxPU+D4JchkIDPYG4vUT+hsWs9S41cFle0/4K5EJMXWurx5DzAkj2366DfK14/XKNhsu6tCl4dZXJ3CD4w=="
      },
      "squirrel.windows": {
        "type": "Transitive",
        "resolved": "1.5.2",
        "contentHash": "89Y/CFxWm7SEOjvuV2stVa8p+SNM9GOLk4tUNm2nUF792nfkimAgwRA/umVsdyd/OXBH8byXSh4V1qck88ZAyQ==",
        "dependencies": {
          "DeltaCompressionDotNet": "[1.0.0, 2.0.0)",
          "Mono.Cecil": "0.9.6.1",
          "Splat": "1.6.2"
        }
      },
      "StreamJsonRpc": {
        "type": "Transitive",
        "resolved": "2.20.20",
        "contentHash": "gwG7KViLbSWS7EI0kYevinVmIga9wZNrpSY/FnWyC6DbdjKJ1xlv/FV1L9b0rLkVP8cGxfIMexdvo/+2W5eq6Q==",
        "dependencies": {
          "MessagePack": "2.5.187",
          "Microsoft.VisualStudio.Threading": "17.10.48",
          "Microsoft.VisualStudio.Threading.Analyzers": "17.10.48",
          "Microsoft.VisualStudio.Validation": "17.8.8",
          "Nerdbank.Streams": "2.11.74",
          "Newtonsoft.Json": "13.0.1",
          "System.IO.Pipelines": "8.0.0"
        }
      },
      "System.Diagnostics.DiagnosticSource": {
        "type": "Transitive",
        "resolved": "7.0.1",
        "contentHash": "T9SLFxzDp0SreCffRDXSAS5G+lq6E8qP4knHS2IBjwCdx2KEvGnGZsq7gFpselYOda7l6gXsJMD93TQsFj/URA=="
      },
      "System.Diagnostics.EventLog": {
        "type": "Transitive",
        "resolved": "8.0.0",
        "contentHash": "fdYxcRjQqTTacKId/2IECojlDSFvp7LP5N78+0z/xH7v/Tuw5ZAxu23Y6PTCRinqyu2ePx+Gn1098NC6jM6d+A=="
      },
      "System.Drawing.Common": {
        "type": "Transitive",
        "resolved": "9.0.2",
        "contentHash": "JU947wzf8JbBS16Y5EIZzAlyQU+k68D7LRx6y03s2wlhlvLqkt/8uPBrjv2hJnnaJKbdb0GhQ3JZsfYXhrRjyg==",
        "dependencies": {
          "Microsoft.Win32.SystemEvents": "9.0.2"
        }
      },
      "System.IO.Pipelines": {
        "type": "Transitive",
        "resolved": "8.0.0",
        "contentHash": "FHNOatmUq0sqJOkTx+UF/9YK1f180cnW5FVqnQMvYUN0elp6wFzbtPSiqbo1/ru8ICp43JM1i7kKkk6GsNGHlA=="
      },
      "System.Reflection.Emit": {
        "type": "Transitive",
        "resolved": "4.7.0",
        "contentHash": "VR4kk8XLKebQ4MZuKuIni/7oh+QGFmZW3qORd1GvBq/8026OpW501SzT/oypwiQl4TvT8ErnReh/NzY9u+C6wQ=="
      },
      "System.Reflection.Metadata": {
        "type": "Transitive",
        "resolved": "5.0.0",
        "contentHash": "5NecZgXktdGg34rh1OenY1rFNDCI8xSjFr+Z4OU4cU06AQHUdRnIIEeWENu3Wl4YowbzkymAIMvi3WyK9U53pQ=="
      },
      "System.Security.AccessControl": {
        "type": "Transitive",
        "resolved": "6.0.1",
        "contentHash": "IQ4NXP/B3Ayzvw0rDQzVTYsCKyy0Jp9KI6aYcK7UnGVlR9+Awz++TIPCQtPYfLJfOpm8ajowMR09V7quD3sEHw=="
      },
      "System.Security.Principal.Windows": {
        "type": "Transitive",
        "resolved": "5.0.0",
        "contentHash": "t0MGLukB5WAVU9bO3MGzvlGnyJPgUlcwerXn1kzBRjwLKixT96XV0Uza41W49gVd8zEMFu9vQEFlv0IOrytICA=="
      },
      "System.Text.Encodings.Web": {
        "type": "Transitive",
        "resolved": "7.0.0",
        "contentHash": "OP6umVGxc0Z0MvZQBVigj4/U31Pw72ITihDWP9WiWDm+q5aoe0GaJivsfYGq53o6dxH7DcXWiCTl7+0o2CGdmg=="
      },
      "System.Text.Json": {
        "type": "Transitive",
        "resolved": "7.0.0",
        "contentHash": "DaGSsVqKsn/ia6RG8frjwmJonfos0srquhw09TlT8KRw5I43E+4gs+/bZj4K0vShJ5H9imCuXupb4RmS+dBy3w==",
        "dependencies": {
          "System.Text.Encodings.Web": "7.0.0"
        }
      },
      "System.ValueTuple": {
        "type": "Transitive",
        "resolved": "4.5.0",
        "contentHash": "okurQJO6NRE/apDIP23ajJ0hpiNmJ+f0BwOlB/cSqTLQlw5upkf+5+96+iG2Jw40G1fCVCyPz/FhIABUjMR+RQ=="
      },
      "ToolGood.Words.Pinyin": {
        "type": "Transitive",
        "resolved": "3.0.1.4",
        "contentHash": "uQo97618y9yzLDxrnehPN+/tuiOlk5BqieEdwctHZOAS9miMXnHKgMFYVw8CSGXRglyTYXlrW7qtUlU7Fje5Ew=="
      },
      "YamlDotNet": {
        "type": "Transitive",
        "resolved": "9.1.0",
        "contentHash": "fuvGXU4Ec5HrsmEc+BiFTNPCRf1cGBI2kh/3RzMWgddM2M4ALhbSPoI3X3mhXZUD1qqQd9oSkFAtWjpz8z9eRg=="
      },
      "flow.launcher.core": {
        "type": "Project",
        "dependencies": {
          "Droplex": "[1.7.0, )",
          "FSharp.Core": "[9.0.101, )",
          "Flow.Launcher.Infrastructure": "[1.0.0, )",
          "Flow.Launcher.Plugin": "[4.4.0, )",
          "Meziantou.Framework.Win32.Jobs": "[3.4.0, )",
          "Microsoft.IO.RecyclableMemoryStream": "[3.0.1, )",
          "StreamJsonRpc": "[2.20.20, )",
          "squirrel.windows": "[1.5.2, )"
        }
      },
      "flow.launcher.infrastructure": {
        "type": "Project",
        "dependencies": {
          "Ben.Demystifier": "[0.4.1, )",
          "BitFaster.Caching": "[2.5.3, )",
          "CommunityToolkit.Mvvm": "[8.4.0, )",
          "Flow.Launcher.Plugin": "[4.4.0, )",
          "MemoryPack": "[1.21.3, )",
          "Microsoft.VisualStudio.Threading": "[17.12.19, )",
          "NLog": "[4.7.10, )",
          "PropertyChanged.Fody": "[3.4.0, )",
          "System.Drawing.Common": "[9.0.2, )",
          "ToolGood.Words.Pinyin": "[3.0.1.4, )"
        }
      },
      "flow.launcher.plugin": {
        "type": "Project",
        "dependencies": {
          "JetBrains.Annotations": "[2024.3.0, )",
          "PropertyChanged.Fody": "[3.4.0, )"
        }
      }
    }
  }
}