{
  "version": 1,
  "dependencies": {
    "net9.0-windows7.0": {
      "Fody": {
        "type": "Direct",
        "requested": "[6.9.3, )",
        "resolved": "6.9.3",
        "contentHash": "1CUGgFdyECDKgi5HaUBhdv6k+VG9Iy4OCforGfHyar3xQXAJypZkzymgKtWj/4SPd6nSG0Qi7NH71qHrDSZLaA=="
      },
      "JetBrains.Annotations": {
        "type": "Direct",
        "requested": "[2025.2.2, )",
        "resolved": "2025.2.2",
        "contentHash": "0X56ZRizuHdrnPpgXjWV7f2tQO1FlQg5O1967OGKnI/4ZRNOK642J8L7brM1nYvrxTTU5TP1yRyXLRLaXLPQ8A=="
      },
      "Microsoft.SourceLink.GitHub": {
        "type": "Direct",
        "requested": "[10.0.102, )",
        "resolved": "10.0.102",
        "contentHash": "Oxq3RCIJSdtpIU4hLqO7XaDe/Ra3HS9Wi8rJl838SAg6Zu1iQjerA0+xXWBgUFYbgknUGCLOU0T+lzMLkvY9Qg==",
        "dependencies": {
          "Microsoft.Build.Tasks.Git": "10.0.102",
          "Microsoft.SourceLink.Common": "10.0.102"
        }
      },
      "Microsoft.Windows.CsWin32": {
        "type": "Direct",
        "requested": "[0.3.269, )",
        "resolved": "0.3.269",
        "contentHash": "O4GVJ0ymxcoFRGS07VcoEClj7A9PIciHIjWDrPymzonhYlOfM7V0ZqGBUK19cUH3BPca9MfSOH0KLK/9JzQ8+Q==",
        "dependencies": {
          "Microsoft.Windows.SDK.Win32Docs": "0.1.42-alpha",
          "Microsoft.Windows.SDK.Win32Metadata": "69.0.7-preview",
          "Microsoft.Windows.WDK.Win32Metadata": "0.13.25-experimental"
        }
      },
      "PropertyChanged.Fody": {
        "type": "Direct",
        "requested": "[4.1.0, )",
        "resolved": "4.1.0",
        "contentHash": "6v+f9cI8YjnZH2WBHuOqWEAo8DFFNGFIdU8xD3AsL6fhV6Y8oAmVWd7XKk49t8DpeUBwhR/X+97+6Epvek0Y3A==",
        "dependencies": {
          "Fody": "6.6.4"
        }
      },
      "Microsoft.Build.Tasks.Git": {
        "type": "Transitive",
        "resolved": "10.0.102",
        "contentHash": "0i81LYX31U6UiXz4NOLbvc++u+/mVDmOt+PskrM/MygpDxkv9THKQyRUmavBpLK6iBV0abNWnn+CQgSRz//Pwg=="
      },
      "Microsoft.SourceLink.Common": {
        "type": "Transitive",
        "resolved": "10.0.102",
        "contentHash": "Mk1IMb9q5tahC2NltxYXFkLBtuBvfBoCQ3pIxYQWfzbCE9o1OB9SsHe0hnNGo7lWgTA/ePbFAJLWu6nLL9K17A=="
      },
      "Microsoft.Windows.SDK.Win32Docs": {
        "type": "Transitive",
        "resolved": "0.1.42-alpha",
        "contentHash": "Z/9po23gUA9aoukirh2ItMU2ZS9++Js9Gdds9fu5yuMojDrmArvY2y+tq9985tR3cxFxpZO1O35Wjfo0khj5HA=="
      },
      "Microsoft.Windows.SDK.Win32Metadata": {
        "type": "Transitive",
        "resolved": "69.0.7-preview",
        "contentHash": "RJoNjQJVCIDNLPbvYuaygCFknTyAxOUE45of1voj0jjOgJa9MB2m1/G8L8F3IYc+2EFG5aqa/9y8PEx7Tk2tLQ=="
      },
      "Microsoft.Windows.WDK.Win32Metadata": {
        "type": "Transitive",
        "resolved": "0.13.25-experimental",
        "contentHash": "IM50tb/+UIwBr9FMr6ZKcZjCMW+Axo6NjGqKxgjUfyCY8dRnYUfrJEXxAaXoWtYP4X8EmASmC1Jtwh4XucseZg==",
        "dependencies": {
          "Microsoft.Windows.SDK.Win32Metadata": "63.0.31-preview"
        }
      }
    }
  }
}