{
  "version": 1,
  "dependencies": {
    "net9.0-windows7.0": {
      "Droplex": {
        "type": "Direct",
        "requested": "[1.7.0, )",
        "resolved": "1.7.0",
        "contentHash": "wutfIus/Ufw/9TDsp86R1ycnIH+wWrj4UhcmrzAHWjsdyC2iM07WEQ9+APTB7pQynsDnYH1r2i58XgAJ3lxUXA==",
        "dependencies": {
          "YamlDotNet": "9.1.0"
        }
      },
      "FSharp.Core": {
        "type": "Direct",
        "requested": "[9.0.101, )",
        "resolved": "9.0.101",
        "contentHash": "3/YR1SDWFA+Ojx9HiBwND+0UR8ZWoeZfkhD0DWAPCDdr/YI+CyFkArmMGzGSyPXeYtjG0sy0emzfyNwjt7zhig=="
      },
      "Meziantou.Framework.Win32.Jobs": {
        "type": "Direct",
        "requested": "[3.4.0, )",
        "resolved": "3.4.0",
        "contentHash": "5GGLckfpwoC1jznInEYfK2INrHyD7K1RtwZJ98kNPKBU6jeu24i4zfgDGHHfb+eK3J+eFPAxo0aYcbUxNXIbNw=="
      },
      "Microsoft.IO.RecyclableMemoryStream": {
        "type": "Direct",
        "requested": "[3.0.1, )",
        "resolved": "3.0.1",
        "contentHash": "s/s20YTVY9r9TPfTrN5g8zPF1YhwxyqO6PxUkrYTGI2B+OGPe9AdajWZrLhFqXIvqIW23fnUE4+ztrUWNU1+9g=="
      },
      "squirrel.windows": {
        "type": "Direct",
        "requested": "[1.5.2, )",
        "resolved": "1.5.2",
        "contentHash": "89Y/CFxWm7SEOjvuV2stVa8p+SNM9GOLk4tUNm2nUF792nfkimAgwRA/umVsdyd/OXBH8byXSh4V1qck88ZAyQ==",
        "dependencies": {
          "DeltaCompressionDotNet": "[1.0.0, 2.0.0)",
          "Mono.Cecil": "0.9.6.1",
          "Splat": "1.6.2"
        }
      },
      "StreamJsonRpc": {
        "type": "Direct",
        "requested": "[2.20.20, )",
        "resolved": "2.20.20",
        "contentHash": "gwG7KViLbSWS7EI0kYevinVmIga9wZNrpSY/FnWyC6DbdjKJ1xlv/FV1L9b0rLkVP8cGxfIMexdvo/+2W5eq6Q==",
        "dependencies": {
          "MessagePack": "2.5.187",
          "Microsoft.VisualStudio.Threading": "17.10.48",
          "Microsoft.VisualStudio.Threading.Analyzers": "17.10.48",
          "Microsoft.VisualStudio.Validation": "17.8.8",
          "Nerdbank.Streams": "2.11.74",
          "Newtonsoft.Json": "13.0.1",
          "System.IO.Pipelines": "8.0.0"
        }
      },
      "Ben.Demystifier": {
        "type": "Transitive",
        "resolved": "0.4.1",
        "contentHash": "axFeEMfmEORy3ipAzOXG/lE+KcNptRbei3F0C4kQCdeiQtW+qJW90K5iIovITGrdLt8AjhNCwk5qLSX9/rFpoA==",
        "dependencies": {
          "System.Reflection.Metadata": "5.0.0"
        }
      },
      "BitFaster.Caching": {
        "type": "Transitive",
        "resolved": "2.5.3",
        "contentHash": "Vo/39qcam5Xe+DbyfH0JZyqPswdOoa7jv4PGtRJ6Wj8AU+aZ+TuJRlJcIe+MQjRTJwliI8k8VSQpN8sEoBIv2g=="
      },
      "CommunityToolkit.Mvvm": {
        "type": "Transitive",
        "resolved": "8.4.0",
        "contentHash": "tqVU8yc/ADO9oiTRyTnwhFN68hCwvkliMierptWOudIAvWY1mWCh5VFh+guwHJmpMwfg0J0rY+yyd5Oy7ty9Uw=="
      },
      "DeltaCompressionDotNet": {
        "type": "Transitive",
        "resolved": "1.0.0",
        "contentHash": "nwbZAYd+DblXAIzlnwDSnl0CiCm8jWLfHSYnoN4wYhtIav6AegB3+T/vKzLbU2IZlPB8Bvl8U3NXpx3eaz+N5w=="
      },
      "JetBrains.Annotations": {
        "type": "Transitive",
        "resolved": "2024.3.0",
        "contentHash": "ox5pkeLQXjvJdyAB4b2sBYAlqZGLh3PjSnP1bQNVx72ONuTJ9+34/+Rq91Fc0dG29XG9RgZur9+NcP4riihTug=="
      },
      "MemoryPack": {
        "type": "Transitive",
        "resolved": "1.21.3",
        "contentHash": "cwCtED8y400vMWx/Vp0QCSeEpVFjDU4JwF52VX9WTaqVERUvNqjG9n6osFlmFuytegyXnHvYEu1qRJ8rv/rkbg==",
        "dependencies": {
          "MemoryPack.Core": "1.21.3",
          "MemoryPack.Generator": "1.21.3"
        }
      },
      "MemoryPack.Core": {
        "type": "Transitive",
        "resolved": "1.21.3",
        "contentHash": "ajrYoBWT2aKeH4tlY8q/1C9qK1R/NK+7FkuVOX58ebOSxkABoFTqCR7W+Zk2rakUHZiEgNdRqO67hiRZPq6fLA=="
      },
      "MemoryPack.Generator": {
        "type": "Transitive",
        "resolved": "1.21.3",
        "contentHash": "hYU0TAIarDKnbkNIWvb7P4zBUL+CTahkuNkczsKvycSMR5kiwQ4IfLexywNKX3s05Izp4gzDSPbueepNWZRpWA=="
      },
      "MessagePack": {
        "type": "Transitive",
        "resolved": "2.5.187",
        "contentHash": "uW4j8m4Nc+2Mk5n6arOChavJ9bLjkis0qWASOj2h2OwmfINuzYv+mjCHUymrYhmyyKTu3N+ObtTXAY4uQ7jIhg==",
        "dependencies": {
          "MessagePack.Annotations": "2.5.187",
          "Microsoft.NET.StringTools": "17.6.3"
        }
      },
      "MessagePack.Annotations": {
        "type": "Transitive",
        "resolved": "2.5.187",
        "contentHash": "/IvvMMS8opvlHjEJ/fR2Cal4Co726Kj77Z8KiohFhuHfLHHmb9uUxW5+tSCL4ToKFfkQlrS3HD638mRq83ySqA=="
      },
      "Microsoft.NET.StringTools": {
        "type": "Transitive",
        "resolved": "17.6.3",
        "contentHash": "N0ZIanl1QCgvUumEL1laasU0a7sOE5ZwLZVTn0pAePnfhq8P7SvTjF8Axq+CnavuQkmdQpGNXQ1efZtu5kDFbA=="
      },
      "Microsoft.VisualStudio.Threading": {
        "type": "Transitive",
        "resolved": "17.12.19",
        "contentHash": "eLiGMkMYyaSguqHs3lsrFxy3tAWSLuPEL2pIWRcADMDVAs2xqm3dr1d9QYjiEusTgiClF9KD6OB2NdZP72Oy0Q==",
        "dependencies": {
          "Microsoft.VisualStudio.Threading.Analyzers": "17.12.19",
          "Microsoft.VisualStudio.Validation": "17.8.8"
        }
      },
      "Microsoft.VisualStudio.Threading.Analyzers": {
        "type": "Transitive",
        "resolved": "17.12.19",
        "contentHash": "v3IYeedjoktvZ+GqYmLudxZJngmf/YWIxNT2Uy6QMMN19cvw+nkWoip1Gr1RtnFkUo1MPUVMis4C8Kj8d8DpSQ=="
      },
      "Microsoft.VisualStudio.Validation": {
        "type": "Transitive",
        "resolved": "17.8.8",
        "contentHash": "rWXThIpyQd4YIXghNkiv2+VLvzS+MCMKVRDR0GAMlflsdo+YcAN2g2r5U1Ah98OFjQMRexTFtXQQ2LkajxZi3g=="
      },
      "Microsoft.Win32.SystemEvents": {
        "type": "Transitive",
        "resolved": "9.0.2",
        "contentHash": "5BkGZ6mHp2dHydR29sb0fDfAuqkv30AHtTih8wMzvPZysOmBFvHfnkR2w3tsc0pSiIg8ZoKyefJXWy9r3pBh0w=="
      },
      "Mono.Cecil": {
        "type": "Transitive",
        "resolved": "0.9.6.1",
        "contentHash": "yMsurNaOxxKIjyW9pEB+tRrR1S3DFnN1+iBgKvYvXG8kW0Y6yknJeMAe/tl3+P78/2C6304TgF7aVqpqXgEQ9Q=="
      },
      "Nerdbank.Streams": {
        "type": "Transitive",
        "resolved": "2.11.74",
        "contentHash": "r4G7uHHfoo8LCilPOdtf2C+Q5ymHOAXtciT4ZtB2xRlAvv4gPkWBYNAijFblStv3+uidp81j5DP11jMZl4BfJw==",
        "dependencies": {
          "Microsoft.VisualStudio.Threading": "17.10.48",
          "Microsoft.VisualStudio.Validation": "17.8.8",
          "System.IO.Pipelines": "8.0.0"
        }
      },
      "Newtonsoft.Json": {
        "type": "Transitive",
        "resolved": "13.0.1",
        "contentHash": "ppPFpBcvxdsfUonNcvITKqLl3bqxWbDCZIzDWHzjpdAHRFfZe0Dw9HmA0+za13IdyrgJwpkDTDA9fHaxOrt20A=="
      },
      "NLog": {
        "type": "Transitive",
        "resolved": "4.7.10",
        "contentHash": "rcegW7kYOCjl7wX0SzsqpPBqnJ51JKi1WkYb6QBVX0Wc5IgH19Pv4t/co+T0s06OS0Ne44xgkY/mHg0PdrmJow=="
      },
      "PropertyChanged.Fody": {
        "type": "Transitive",
        "resolved": "3.4.0",
        "contentHash": "IAZyq0uolKo2WYm4mjx+q7A8fSGFT0x2e1s3y+ODn4JI0kqTDoo9GF2tdaypUzRFJZfdMxfC5HZW9QzdJLtOnA==",
        "dependencies": {
          "Fody": "6.5.1"
        }
      },
      "Splat": {
        "type": "Transitive",
        "resolved": "1.6.2",
        "contentHash": "DeH0MxPU+D4JchkIDPYG4vUT+hsWs9S41cFle0/4K5EJMXWurx5DzAkj2366DfK14/XKNhsu6tCl4dZXJ3CD4w=="
      },
      "System.Drawing.Common": {
        "type": "Transitive",
        "resolved": "9.0.2",
        "contentHash": "JU947wzf8JbBS16Y5EIZzAlyQU+k68D7LRx6y03s2wlhlvLqkt/8uPBrjv2hJnnaJKbdb0GhQ3JZsfYXhrRjyg==",
        "dependencies": {
          "Microsoft.Win32.SystemEvents": "9.0.2"
        }
      },
      "System.IO.Pipelines": {
        "type": "Transitive",
        "resolved": "8.0.0",
        "contentHash": "FHNOatmUq0sqJOkTx+UF/9YK1f180cnW5FVqnQMvYUN0elp6wFzbtPSiqbo1/ru8ICp43JM1i7kKkk6GsNGHlA=="
      },
      "System.Reflection.Metadata": {
        "type": "Transitive",
        "resolved": "5.0.0",
        "contentHash": "5NecZgXktdGg34rh1OenY1rFNDCI8xSjFr+Z4OU4cU06AQHUdRnIIEeWENu3Wl4YowbzkymAIMvi3WyK9U53pQ=="
      },
      "ToolGood.Words.Pinyin": {
        "type": "Transitive",
        "resolved": "3.0.1.4",
        "contentHash": "uQo97618y9yzLDxrnehPN+/tuiOlk5BqieEdwctHZOAS9miMXnHKgMFYVw8CSGXRglyTYXlrW7qtUlU7Fje5Ew=="
      },
      "YamlDotNet": {
        "type": "Transitive",
        "resolved": "9.1.0",
        "contentHash": "fuvGXU4Ec5HrsmEc+BiFTNPCRf1cGBI2kh/3RzMWgddM2M4ALhbSPoI3X3mhXZUD1qqQd9oSkFAtWjpz8z9eRg=="
      },
      "flow.launcher.infrastructure": {
        "type": "Project",
        "dependencies": {
          "Ben.Demystifier": "[0.4.1, )",
          "BitFaster.Caching": "[2.5.3, )",
          "CommunityToolkit.Mvvm": "[8.4.0, )",
          "Flow.Launcher.Plugin": "[4.4.0, )",
          "MemoryPack": "[1.21.3, )",
          "Microsoft.VisualStudio.Threading": "[17.12.19, )",
          "NLog": "[4.7.10, )",
          "PropertyChanged.Fody": "[3.4.0, )",
          "System.Drawing.Common": "[9.0.2, )",
          "ToolGood.Words.Pinyin": "[3.0.1.4, )"
        }
      },
      "flow.launcher.plugin": {
        "type": "Project",
        "dependencies": {
          "JetBrains.Annotations": "[2024.3.0, )",
          "PropertyChanged.Fody": "[3.4.0, )"
        }
      }
    }
  }
}